
Microsoft Visual Studio Solution File, Format Version 12.00
# Visual Studio 2012
Project("{FAE04EC0-301F-11D3-BF4B-00C04F79EFBC}") = "AngularJSDirectives", "AngularJSDirectives\AngularJSDirectives.csproj", "{B0199814-238A-41F6-8BE9-C15CE2B42CEE}"
EndProject
Global
	GlobalSection(SolutionConfigurationPlatforms) = preSolution
		Debug|Any CPU = Debug|Any CPU
		Release|Any CPU = Release|Any CPU
	EndGlobalSection
	GlobalSection(ProjectConfigurationPlatforms) = postSolution
		{B0199814-238A-41F6-8BE9-C15CE2B42CEE}.Debug|Any CPU.ActiveCfg = Debug|Any CPU
		{B0199814-238A-41F6-8BE9-C15CE2B42CEE}.Debug|Any CPU.Build.0 = Debug|Any CPU
		{B0199814-238A-41F6-8BE9-C15CE2B42CEE}.Release|Any CPU.ActiveCfg = Release|Any CPU
		{B0199814-238A-41F6-8BE9-C15CE2B42CEE}.Release|Any CPU.Build.0 = Release|Any CPU
	EndGlobalSection
	GlobalSection(SolutionProperties) = preSolution
		HideSolutionNode = FALSE
	EndGlobalSection
EndGlobal
